
Microsoft Visual Studio Solution File, Format Version 12.00
# Visual Studio 15
VisualStudioVersion = 15.0.28307.168
MinimumVisualStudioVersion = 10.0.40219.1
Project("{2150E333-8FDC-42A3-9474-1A3956D46DE8}") = "Client", "Client", "{6EBD6577-F2AC-4BD1-BFB8-830A883C1D14}"
EndProject
Project("{2150E333-8FDC-42A3-9474-1A3956D46DE8}") = "Layers ADO.NET", "Layers ADO.NET", "{8B94A676-19E4-4DDE-B2E0-CD3F921F9E3C}"
EndProject
Project("{2150E333-8FDC-42A3-9474-1A3956D46DE8}") = "EF 6", "EF 6", "{BF53AF75-2B0B-46A3-8B6F-177A56DB1DFD}"
EndProject
Project("{2150E333-8FDC-42A3-9474-1A3956D46DE8}") = "EF Core", "EF Core", "{41D71C9D-FB57-4ABC-8900-1786C6339939}"
EndProject
Project("{FAE04EC0-301F-11D3-BF4B-00C04F79EFBC}") = "ClientAPI", "ClientAPI\ClientAPI.csproj", "{AEB58626-1057-4E81-81E6-13455B88ABBE}"
EndProject
Project("{FAE04EC0-301F-11D3-BF4B-00C04F79EFBC}") = "DALWEF6", "DALWEF6\DALWEF6.csproj", "{FFF9B9F9-2B77-4F3B-85DE-3EBD3ABF3B0C}"
EndProject
Project("{FAE04EC0-301F-11D3-BF4B-00C04F79EFBC}") = "TestDAL", "TestDAL\TestDAL.csproj", "{A740D258-3C31-47A8-B60D-E49BB1B1CFE7}"
EndProject
Project("{FAE04EC0-301F-11D3-BF4B-00C04F79EFBC}") = "TestBLL", "TestBLL\TestBLL.csproj", "{9B43B0F0-4265-4E7C-84C6-D1377F471012}"
EndProject
Project("{2150E333-8FDC-42A3-9474-1A3956D46DE8}") = "Dapper", "Dapper", "{35759CB1-851D-4CD6-9BD0-5C377BEFB054}"
EndProject
Project("{FAE04EC0-301F-11D3-BF4B-00C04F79EFBC}") = "DALWEFCore", "DALWEFCore\DALWEFCore.csproj", "{7D9FB22C-AC93-49C1-9648-BEC738C54D2E}"
EndProject
Project("{FAE04EC0-301F-11D3-BF4B-00C04F79EFBC}") = "DALWDapper", "DALWDapper\DALWDapper.csproj", "{E6BAF11F-FD01-4FF9-A2B9-D37E3FDABDBE}"
EndProject
Global
	GlobalSection(SolutionConfigurationPlatforms) = preSolution
		Debug|Any CPU = Debug|Any CPU
		Release|Any CPU = Release|Any CPU
	EndGlobalSection
	GlobalSection(ProjectConfigurationPlatforms) = postSolution
		{AEB58626-1057-4E81-81E6-13455B88ABBE}.Debug|Any CPU.ActiveCfg = Debug|Any CPU
		{AEB58626-1057-4E81-81E6-13455B88ABBE}.Debug|Any CPU.Build.0 = Debug|Any CPU
		{AEB58626-1057-4E81-81E6-13455B88ABBE}.Release|Any CPU.ActiveCfg = Release|Any CPU
		{AEB58626-1057-4E81-81E6-13455B88ABBE}.Release|Any CPU.Build.0 = Release|Any CPU
		{FFF9B9F9-2B77-4F3B-85DE-3EBD3ABF3B0C}.Debug|Any CPU.ActiveCfg = Debug|Any CPU
		{FFF9B9F9-2B77-4F3B-85DE-3EBD3ABF3B0C}.Debug|Any CPU.Build.0 = Debug|Any CPU
		{FFF9B9F9-2B77-4F3B-85DE-3EBD3ABF3B0C}.Release|Any CPU.ActiveCfg = Release|Any CPU
		{FFF9B9F9-2B77-4F3B-85DE-3EBD3ABF3B0C}.Release|Any CPU.Build.0 = Release|Any CPU
		{A740D258-3C31-47A8-B60D-E49BB1B1CFE7}.Debug|Any CPU.ActiveCfg = Debug|Any CPU
		{A740D258-3C31-47A8-B60D-E49BB1B1CFE7}.Debug|Any CPU.Build.0 = Debug|Any CPU
		{A740D258-3C31-47A8-B60D-E49BB1B1CFE7}.Release|Any CPU.ActiveCfg = Release|Any CPU
		{A740D258-3C31-47A8-B60D-E49BB1B1CFE7}.Release|Any CPU.Build.0 = Release|Any CPU
		{9B43B0F0-4265-4E7C-84C6-D1377F471012}.Debug|Any CPU.ActiveCfg = Debug|Any CPU
		{9B43B0F0-4265-4E7C-84C6-D1377F471012}.Debug|Any CPU.Build.0 = Debug|Any CPU
		{9B43B0F0-4265-4E7C-84C6-D1377F471012}.Release|Any CPU.ActiveCfg = Release|Any CPU
		{9B43B0F0-4265-4E7C-84C6-D1377F471012}.Release|Any CPU.Build.0 = Release|Any CPU
		{7D9FB22C-AC93-49C1-9648-BEC738C54D2E}.Debug|Any CPU.ActiveCfg = Debug|Any CPU
		{7D9FB22C-AC93-49C1-9648-BEC738C54D2E}.Debug|Any CPU.Build.0 = Debug|Any CPU
		{7D9FB22C-AC93-49C1-9648-BEC738C54D2E}.Release|Any CPU.ActiveCfg = Release|Any CPU
		{7D9FB22C-AC93-49C1-9648-BEC738C54D2E}.Release|Any CPU.Build.0 = Release|Any CPU
		{E6BAF11F-FD01-4FF9-A2B9-D37E3FDABDBE}.Debug|Any CPU.ActiveCfg = Debug|Any CPU
		{E6BAF11F-FD01-4FF9-A2B9-D37E3FDABDBE}.Debug|Any CPU.Build.0 = Debug|Any CPU
		{E6BAF11F-FD01-4FF9-A2B9-D37E3FDABDBE}.Release|Any CPU.ActiveCfg = Release|Any CPU
		{E6BAF11F-FD01-4FF9-A2B9-D37E3FDABDBE}.Release|Any CPU.Build.0 = Release|Any CPU
	EndGlobalSection
	GlobalSection(SolutionProperties) = preSolution
		HideSolutionNode = FALSE
	EndGlobalSection
	GlobalSection(NestedProjects) = preSolution
		{AEB58626-1057-4E81-81E6-13455B88ABBE} = {6EBD6577-F2AC-4BD1-BFB8-830A883C1D14}
		{FFF9B9F9-2B77-4F3B-85DE-3EBD3ABF3B0C} = {BF53AF75-2B0B-46A3-8B6F-177A56DB1DFD}
		{A740D258-3C31-47A8-B60D-E49BB1B1CFE7} = {8B94A676-19E4-4DDE-B2E0-CD3F921F9E3C}
		{9B43B0F0-4265-4E7C-84C6-D1377F471012} = {8B94A676-19E4-4DDE-B2E0-CD3F921F9E3C}
		{7D9FB22C-AC93-49C1-9648-BEC738C54D2E} = {41D71C9D-FB57-4ABC-8900-1786C6339939}
		{E6BAF11F-FD01-4FF9-A2B9-D37E3FDABDBE} = {35759CB1-851D-4CD6-9BD0-5C377BEFB054}
	EndGlobalSection
	GlobalSection(ExtensibilityGlobals) = postSolution
		SolutionGuid = {AD59FFDC-3406-413E-B2E4-1597CB97C8D3}
	EndGlobalSection
EndGlobal
